{
    "_readme": [
        "This file locks the dependencies of your project to a known state",
        "Read more about it at https://getcomposer.org/doc/01-basic-usage.md#composer-lock-the-lock-file",
        "This file is @generated automatically"
    ],
    "hash": "4a2d4631b526f542ddd75c681d5c4ece",
    "content-hash": "155545b50fe5b0eb64c5632a72c2a31a",
    "packages": [
        {
            "name": "jpush/jpush",
            "version": "v3.3.8",
            "source": {
                "type": "git",
                "url": "https://github.com/jpush/jpush-api-php-client.git",
                "reference": "9902e8415c4d46acb67f627178c95e0f4803604c"
            },
            "dist": {
                "type": "zip",
                "url": "https://api.github.com/repos/jpush/jpush-api-php-client/zipball/9902e8415c4d46acb67f627178c95e0f4803604c",
                "reference": "9902e8415c4d46acb67f627178c95e0f4803604c",
                "shasum": ""
            },
            "require-dev": {
                "phpunit/phpunit": "*"
            },
            "type": "library",
            "autoload": {
                "psr-0": {
                    "jpush": "src/"
                },
                "files": [
                    "src/JPush/JPush.php"
                ]
            },
            "notification-url": "https://packagist.org/downloads/",
            "license": [
                "Apache"
            ],
            "authors": [
                {
                    "name": "JPush",
                    "email": "support@jpush.cn",
                    "homepage": "https://www.jpush.cn/",
                    "role": "Developer"
                }
            ],
            "description": "JPush API PHP Client",
            "homepage": "http://docs.jpush.cn/display/dev/Push-API-v3",
            "time": "2016-03-09 11:58:24"
        }
    ],
    "packages-dev": [],
    "aliases": [],
    "minimum-stability": "stable",
    "stability-flags": [],
    "prefer-stable": false,
    "prefer-lowest": false,
    "platform": [],
    "platform-dev": []
}
